// !$*UTF8*$!
{
	archiveVersion = 1;
	classes = {
	};
	objectVersion = 46;
	objects = {

/* Begin PBXBuildFile section */
		045FB4B71F3AB45A000C0B73 /* main.m in Sources */ = {isa = PBXBuildFile; fileRef = 045FB4B61F3AB45A000C0B73 /* main.m */; };
		045FB4BA1F3AB45A000C0B73 /* AppDelegate.m in Sources */ = {isa = PBXBuildFile; fileRef = 045FB4B91F3AB45A000C0B73 /* AppDelegate.m */; };
		045FB4BD1F3AB45A000C0B73 /* ViewController.m in Sources */ = {isa = PBXBuildFile; fileRef = 045FB4BC1F3AB45A000C0B73 /* ViewController.m */; };
		045FB4C01F3AB45A000C0B73 /* Main.storyboard in Resources */ = {isa = PBXBuildFile; fileRef = 045FB4BE1F3AB45A000C0B73 /* Main.storyboard */; };
		045FB4C21F3AB45A000C0B73 /* Assets.xcassets in Resources */ = {isa = PBXBuildFile; fileRef = 045FB4C11F3AB45A000C0B73 /* Assets.xcassets */; };
		045FB4C51F3AB45A000C0B73 /* LaunchScreen.storyboard in Resources */ = {isa = PBXBuildFile; fileRef = 045FB4C31F3AB45A000C0B73 /* LaunchScreen.storyboard */; };
		C85A7876EB4363D0419ECDA6 /* libPods-Calendar.a in Frameworks */ = {isa = PBXBuildFile; fileRef = 625854F96FCFAC25FCDFCFDC /* libPods-Calendar.a */; };
		EE79713320C11349005C4F7A /* YMonthViewController.m in Sources */ = {isa = PBXBuildFile; fileRef = EE79712020C11301005C4F7A /* YMonthViewController.m */; };
		EE79713420C1135B005C4F7A /* Calendar.m in Sources */ = {isa = PBXBuildFile; fileRef = EE79713220C11301005C4F7A /* Calendar.m */; };
		EE79713520C1135B005C4F7A /* CalendarView.m in Sources */ = {isa = PBXBuildFile; fileRef = EE79711F20C11301005C4F7A /* CalendarView.m */; };
		EE79713620C11365005C4F7A /* YMonthCell.m in Sources */ = {isa = PBXBuildFile; fileRef = EE79712820C11301005C4F7A /* YMonthCell.m */; };
		EE79713720C11374005C4F7A /* YMonthReusableView.m in Sources */ = {isa = PBXBuildFile; fileRef = EE79712220C11301005C4F7A /* YMonthReusableView.m */; };
		EE79713820C11383005C4F7A /* CurrentMonthCell.m in Sources */ = {isa = PBXBuildFile; fileRef = EE79712920C11301005C4F7A /* CurrentMonthCell.m */; };
		EE79713920C11383005C4F7A /* CurrentMonthTitleReusableView.m in Sources */ = {isa = PBXBuildFile; fileRef = EE79712420C11301005C4F7A /* CurrentMonthTitleReusableView.m */; };
		EE79713A20C1138C005C4F7A /* Adapter.m in Sources */ = {isa = PBXBuildFile; fileRef = EE79713020C11301005C4F7A /* Adapter.m */; };
		EE79713B20C11396005C4F7A /* NSObject+CurrentViewController.m in Sources */ = {isa = PBXBuildFile; fileRef = EE79712E20C11301005C4F7A /* NSObject+CurrentViewController.m */; };
		EE79713C20C113A0005C4F7A /* UIView+Extension.m in Sources */ = {isa = PBXBuildFile; fileRef = EE79713120C11301005C4F7A /* UIView+Extension.m */; };
		EE79713D20C11417005C4F7A /* RLTool.m in Sources */ = {isa = PBXBuildFile; fileRef = EE79711B20C11301005C4F7A /* RLTool.m */; };
/* End PBXBuildFile section */

/* Begin PBXFileReference section */
		045FB4B21F3AB45A000C0B73 /* Calendar.app */ = {isa = PBXFileReference; explicitFileType = wrapper.application; includeInIndex = 0; path = Calendar.app; sourceTree = BUILT_PRODUCTS_DIR; };
		045FB4B61F3AB45A000C0B73 /* main.m */ = {isa = PBXFileReference; lastKnownFileType = sourcecode.c.objc; path = main.m; sourceTree = "<group>"; };
		045FB4B81F3AB45A000C0B73 /* AppDelegate.h */ = {isa = PBXFileReference; lastKnownFileType = sourcecode.c.h; path = AppDelegate.h; sourceTree = "<group>"; };
		045FB4B91F3AB45A000C0B73 /* AppDelegate.m */ = {isa = PBXFileReference; lastKnownFileType = sourcecode.c.objc; path = AppDelegate.m; sourceTree = "<group>"; };
		045FB4BB1F3AB45A000C0B73 /* ViewController.h */ = {isa = PBXFileReference; lastKnownFileType = sourcecode.c.h; path = ViewController.h; sourceTree = "<group>"; };
		045FB4BC1F3AB45A000C0B73 /* ViewController.m */ = {isa = PBXFileReference; lastKnownFileType = sourcecode.c.objc; path = ViewController.m; sourceTree = "<group>"; };
		045FB4BF1F3AB45A000C0B73 /* Base */ = {isa = PBXFileReference; lastKnownFileType = file.storyboard; name = Base; path = Base.lproj/Main.storyboard; sourceTree = "<group>"; };
		045FB4C11F3AB45A000C0B73 /* Assets.xcassets */ = {isa = PBXFileReference; lastKnownFileType = folder.assetcatalog; path = Assets.xcassets; sourceTree = "<group>"; };
		045FB4C41F3AB45A000C0B73 /* Base */ = {isa = PBXFileReference; lastKnownFileType = file.storyboard; name = Base; path = Base.lproj/LaunchScreen.storyboard; sourceTree = "<group>"; };
		045FB4C61F3AB45A000C0B73 /* Info.plist */ = {isa = PBXFileReference; lastKnownFileType = text.plist.xml; path = Info.plist; sourceTree = "<group>"; };
		045FB4E01F3AB932000C0B73 /* PrefixHeader.pch */ = {isa = PBXFileReference; lastKnownFileType = sourcecode.c.h; path = PrefixHeader.pch; sourceTree = "<group>"; };
		625854F96FCFAC25FCDFCFDC /* libPods-Calendar.a */ = {isa = PBXFileReference; explicitFileType = archive.ar; includeInIndex = 0; path = "libPods-Calendar.a"; sourceTree = BUILT_PRODUCTS_DIR; };
		788EE7A3EBEF4A1BEE9FBFA5 /* Pods-Calendar.debug.xcconfig */ = {isa = PBXFileReference; includeInIndex = 1; lastKnownFileType = text.xcconfig; name = "Pods-Calendar.debug.xcconfig"; path = "Pods/Target Support Files/Pods-Calendar/Pods-Calendar.debug.xcconfig"; sourceTree = "<group>"; };
		8F47AA19E3CD8FA0F7B01A04 /* Pods-Calendar.release.xcconfig */ = {isa = PBXFileReference; includeInIndex = 1; lastKnownFileType = text.xcconfig; name = "Pods-Calendar.release.xcconfig"; path = "Pods/Target Support Files/Pods-Calendar/Pods-Calendar.release.xcconfig"; sourceTree = "<group>"; };
		EE79711920C11301005C4F7A /* YMonthViewController.h */ = {isa = PBXFileReference; lastKnownFileType = sourcecode.c.h; path = YMonthViewController.h; sourceTree = "<group>"; };
		EE79711B20C11301005C4F7A /* RLTool.m */ = {isa = PBXFileReference; lastKnownFileType = sourcecode.c.objc; path = RLTool.m; sourceTree = "<group>"; };
		EE79711C20C11301005C4F7A /* RLTool.h */ = {isa = PBXFileReference; lastKnownFileType = sourcecode.c.h; path = RLTool.h; sourceTree = "<group>"; };
		EE79711D20C11301005C4F7A /* Header.h */ = {isa = PBXFileReference; lastKnownFileType = sourcecode.c.h; path = Header.h; sourceTree = "<group>"; };
		EE79711E20C11301005C4F7A /* Calendar.h */ = {isa = PBXFileReference; lastKnownFileType = sourcecode.c.h; path = Calendar.h; sourceTree = "<group>"; };
		EE79711F20C11301005C4F7A /* CalendarView.m */ = {isa = PBXFileReference; lastKnownFileType = sourcecode.c.objc; path = CalendarView.m; sourceTree = "<group>"; };
		EE79712020C11301005C4F7A /* YMonthViewController.m */ = {isa = PBXFileReference; lastKnownFileType = sourcecode.c.objc; path = YMonthViewController.m; sourceTree = "<group>"; };
		EE79712220C11301005C4F7A /* YMonthReusableView.m */ = {isa = PBXFileReference; lastKnownFileType = sourcecode.c.objc; path = YMonthReusableView.m; sourceTree = "<group>"; };
		EE79712320C11301005C4F7A /* YMonthCell.h */ = {isa = PBXFileReference; lastKnownFileType = sourcecode.c.h; path = YMonthCell.h; sourceTree = "<group>"; };
		EE79712420C11301005C4F7A /* CurrentMonthTitleReusableView.m */ = {isa = PBXFileReference; lastKnownFileType = sourcecode.c.objc; path = CurrentMonthTitleReusableView.m; sourceTree = "<group>"; };
		EE79712520C11301005C4F7A /* CurrentMonthCell.h */ = {isa = PBXFileReference; lastKnownFileType = sourcecode.c.h; path = CurrentMonthCell.h; sourceTree = "<group>"; };
		EE79712620C11301005C4F7A /* YMonthReusableView.h */ = {isa = PBXFileReference; lastKnownFileType = sourcecode.c.h; path = YMonthReusableView.h; sourceTree = "<group>"; };
		EE79712720C11301005C4F7A /* CurrentMonthTitleReusableView.h */ = {isa = PBXFileReference; lastKnownFileType = sourcecode.c.h; path = CurrentMonthTitleReusableView.h; sourceTree = "<group>"; };
		EE79712820C11301005C4F7A /* YMonthCell.m */ = {isa = PBXFileReference; lastKnownFileType = sourcecode.c.objc; path = YMonthCell.m; sourceTree = "<group>"; };
		EE79712920C11301005C4F7A /* CurrentMonthCell.m */ = {isa = PBXFileReference; lastKnownFileType = sourcecode.c.objc; path = CurrentMonthCell.m; sourceTree = "<group>"; };
		EE79712A20C11301005C4F7A /* CalendarView.h */ = {isa = PBXFileReference; lastKnownFileType = sourcecode.c.h; path = CalendarView.h; sourceTree = "<group>"; };
		EE79712C20C11301005C4F7A /* UIView+Extension.h */ = {isa = PBXFileReference; lastKnownFileType = sourcecode.c.h; path = "UIView+Extension.h"; sourceTree = "<group>"; };
		EE79712D20C11301005C4F7A /* Adapter.h */ = {isa = PBXFileReference; lastKnownFileType = sourcecode.c.h; path = Adapter.h; sourceTree = "<group>"; };
		EE79712E20C11301005C4F7A /* NSObject+CurrentViewController.m */ = {isa = PBXFileReference; lastKnownFileType = sourcecode.c.objc; path = "NSObject+CurrentViewController.m"; sourceTree = "<group>"; };
		EE79712F20C11301005C4F7A /* NSObject+CurrentViewController.h */ = {isa = PBXFileReference; lastKnownFileType = sourcecode.c.h; path = "NSObject+CurrentViewController.h"; sourceTree = "<group>"; };
		EE79713020C11301005C4F7A /* Adapter.m */ = {isa = PBXFileReference; lastKnownFileType = sourcecode.c.objc; path = Adapter.m; sourceTree = "<group>"; };
		EE79713120C11301005C4F7A /* UIView+Extension.m */ = {isa = PBXFileReference; lastKnownFileType = sourcecode.c.objc; path = "UIView+Extension.m"; sourceTree = "<group>"; };
		EE79713220C11301005C4F7A /* Calendar.m */ = {isa = PBXFileReference; lastKnownFileType = sourcecode.c.objc; path = Calendar.m; sourceTree = "<group>"; };
/* End PBXFileReference section */

/* Begin PBXFrameworksBuildPhase section */
		045FB4AF1F3AB45A000C0B73 /* Frameworks */ = {
			isa = PBXFrameworksBuildPhase;
			buildActionMask = 2147483647;
			files = (
				C85A7876EB4363D0419ECDA6 /* libPods-Calendar.a in Frameworks */,
			);
			runOnlyForDeploymentPostprocessing = 0;
		};
/* End PBXFrameworksBuildPhase section */

/* Begin PBXGroup section */
		045FB4A91F3AB45A000C0B73 = {
			isa = PBXGroup;
			children = (
				045FB4B41F3AB45A000C0B73 /* Calendar */,
				045FB4B31F3AB45A000C0B73 /* Products */,
				1405C086476BD9F747C64997 /* Pods */,
				C22F92ECFA115DF96E512B28 /* Frameworks */,
			);
			sourceTree = "<group>";
		};
		045FB4B31F3AB45A000C0B73 /* Products */ = {
			isa = PBXGroup;
			children = (
				045FB4B21F3AB45A000C0B73 /* Calendar.app */,
			);
			name = Products;
			sourceTree = "<group>";
		};
		045FB4B41F3AB45A000C0B73 /* Calendar */ = {
			isa = PBXGroup;
			children = (
				045FB4B81F3AB45A000C0B73 /* AppDelegate.h */,
				045FB4B91F3AB45A000C0B73 /* AppDelegate.m */,
				045FB4BB1F3AB45A000C0B73 /* ViewController.h */,
				045FB4BC1F3AB45A000C0B73 /* ViewController.m */,
				EE79711820C11301005C4F7A /* Calendar */,
				045FB4BE1F3AB45A000C0B73 /* Main.storyboard */,
				045FB4C11F3AB45A000C0B73 /* Assets.xcassets */,
				045FB4C31F3AB45A000C0B73 /* LaunchScreen.storyboard */,
				045FB4C61F3AB45A000C0B73 /* Info.plist */,
				045FB4E01F3AB932000C0B73 /* PrefixHeader.pch */,
				045FB4B51F3AB45A000C0B73 /* Supporting Files */,
			);
			path = Calendar;
			sourceTree = "<group>";
		};
		045FB4B51F3AB45A000C0B73 /* Supporting Files */ = {
			isa = PBXGroup;
			children = (
				045FB4B61F3AB45A000C0B73 /* main.m */,
			);
			name = "Supporting Files";
			sourceTree = "<group>";
		};
		1405C086476BD9F747C64997 /* Pods */ = {
			isa = PBXGroup;
			children = (
				788EE7A3EBEF4A1BEE9FBFA5 /* Pods-Calendar.debug.xcconfig */,
				8F47AA19E3CD8FA0F7B01A04 /* Pods-Calendar.release.xcconfig */,
			);
			name = Pods;
			sourceTree = "<group>";
		};
		C22F92ECFA115DF96E512B28 /* Frameworks */ = {
			isa = PBXGroup;
			children = (
				625854F96FCFAC25FCDFCFDC /* libPods-Calendar.a */,
			);
			name = Frameworks;
			sourceTree = "<group>";
		};
		EE79711820C11301005C4F7A /* Calendar */ = {
			isa = PBXGroup;
			children = (
				EE79711920C11301005C4F7A /* YMonthViewController.h */,
				EE79712020C11301005C4F7A /* YMonthViewController.m */,
				EE79711A20C11301005C4F7A /* Tools */,
				EE79711D20C11301005C4F7A /* Header.h */,
				EE79711E20C11301005C4F7A /* Calendar.h */,
				EE79713220C11301005C4F7A /* Calendar.m */,
				EE79712A20C11301005C4F7A /* CalendarView.h */,
				EE79711F20C11301005C4F7A /* CalendarView.m */,
				EE79712120C11301005C4F7A /* Cell */,
				EE79712B20C11301005C4F7A /* Com */,
			);
			path = Calendar;
			sourceTree = "<group>";
		};
		EE79711A20C11301005C4F7A /* Tools */ = {
			isa = PBXGroup;
			children = (
				EE79711C20C11301005C4F7A /* RLTool.h */,
				EE79711B20C11301005C4F7A /* RLTool.m */,
			);
			path = Tools;
			sourceTree = "<group>";
		};
		EE79712120C11301005C4F7A /* Cell */ = {
			isa = PBXGroup;
			children = (
				EE79712320C11301005C4F7A /* YMonthCell.h */,
				EE79712820C11301005C4F7A /* YMonthCell.m */,
				EE79712620C11301005C4F7A /* YMonthReusableView.h */,
				EE79712220C11301005C4F7A /* YMonthReusableView.m */,
				EE79712520C11301005C4F7A /* CurrentMonthCell.h */,
				EE79712920C11301005C4F7A /* CurrentMonthCell.m */,
				EE79712720C11301005C4F7A /* CurrentMonthTitleReusableView.h */,
				EE79712420C11301005C4F7A /* CurrentMonthTitleReusableView.m */,
			);
			path = Cell;
			sourceTree = "<group>";
		};
		EE79712B20C11301005C4F7A /* Com */ = {
			isa = PBXGroup;
			children = (
				EE79712D20C11301005C4F7A /* Adapter.h */,
				EE79713020C11301005C4F7A /* Adapter.m */,
				EE79712F20C11301005C4F7A /* NSObject+CurrentViewController.h */,
				EE79712E20C11301005C4F7A /* NSObject+CurrentViewController.m */,
				EE79712C20C11301005C4F7A /* UIView+Extension.h */,
				EE79713120C11301005C4F7A /* UIView+Extension.m */,
			);
			path = Com;
			sourceTree = "<group>";
		};
/* End PBXGroup section */

/* Begin PBXNativeTarget section */
		045FB4B11F3AB45A000C0B73 /* Calendar */ = {
			isa = PBXNativeTarget;
			buildConfigurationList = 045FB4C91F3AB45A000C0B73 /* Build configuration list for PBXNativeTarget "Calendar" */;
			buildPhases = (
				2F72F71AE00FE36BD46C50FD /* [CP] Check Pods Manifest.lock */,
				045FB4AE1F3AB45A000C0B73 /* Sources */,
				045FB4AF1F3AB45A000C0B73 /* Frameworks */,
				045FB4B01F3AB45A000C0B73 /* Resources */,
				E92CF6A15B934FF283C1CB9C /* [CP] Embed Pods Frameworks */,
				487BE824851AFD36147A3952 /* [CP] Copy Pods Resources */,
			);
			buildRules = (
			);
			dependencies = (
			);
			name = Calendar;
			productName = Calendar;
			productReference = 045FB4B21F3AB45A000C0B73 /* Calendar.app */;
			productType = "com.apple.product-type.application";
		};
/* End PBXNativeTarget section */

/* Begin PBXProject section */
		045FB4AA1F3AB45A000C0B73 /* Project object */ = {
			isa = PBXProject;
			attributes = {
				LastUpgradeCheck = 0820;
				ORGANIZATIONNAME = MXL;
				TargetAttributes = {
					045FB4B11F3AB45A000C0B73 = {
						CreatedOnToolsVersion = 8.2.1;
						DevelopmentTeam = EK7U2Y8V27;
						ProvisioningStyle = Automatic;
					};
				};
			};
			buildConfigurationList = 045FB4AD1F3AB45A000C0B73 /* Build configuration list for PBXProject "Calendar" */;
			compatibilityVersion = "Xcode 3.2";
			developmentRegion = English;
			hasScannedForEncodings = 0;
			knownRegions = (
				en,
				Base,
			);
			mainGroup = 045FB4A91F3AB45A000C0B73;
			productRefGroup = 045FB4B31F3AB45A000C0B73 /* Products */;
			projectDirPath = "";
			projectRoot = "";
			targets = (
				045FB4B11F3AB45A000C0B73 /* Calendar */,
			);
		};
/* End PBXProject section */

/* Begin PBXResourcesBuildPhase section */
		045FB4B01F3AB45A000C0B73 /* Resources */ = {
			isa = PBXResourcesBuildPhase;
			buildActionMask = 2147483647;
			files = (
				045FB4C51F3AB45A000C0B73 /* LaunchScreen.storyboard in Resources */,
				045FB4C21F3AB45A000C0B73 /* Assets.xcassets in Resources */,
				045FB4C01F3AB45A000C0B73 /* Main.storyboard in Resources */,
			);
			runOnlyForDeploymentPostprocessing = 0;
		};
/* End PBXResourcesBuildPhase section */

/* Begin PBXShellScriptBuildPhase section */
		2F72F71AE00FE36BD46C50FD /* [CP] Check Pods Manifest.lock */ = {
			isa = PBXShellScriptBuildPhase;
			buildActionMask = 2147483647;
			files = (
			);
			inputPaths = (
			);
			name = "[CP] Check Pods Manifest.lock";
			outputPaths = (
			);
			runOnlyForDeploymentPostprocessing = 0;
			shellPath = /bin/sh;
			shellScript = "diff \"${PODS_ROOT}/../Podfile.lock\" \"${PODS_ROOT}/Manifest.lock\" > /dev/null\nif [ $? != 0 ] ; then\n    # print error to STDERR\n    echo \"error: The sandbox is not in sync with the Podfile.lock. Run 'pod install' or update your CocoaPods installation.\" >&2\n    exit 1\nfi\n";
			showEnvVarsInLog = 0;
		};
		487BE824851AFD36147A3952 /* [CP] Copy Pods Resources */ = {
			isa = PBXShellScriptBuildPhase;
			buildActionMask = 2147483647;
			files = (
			);
			inputPaths = (
			);
			name = "[CP] Copy Pods Resources";
			outputPaths = (
			);
			runOnlyForDeploymentPostprocessing = 0;
			shellPath = /bin/sh;
			shellScript = "\"${SRCROOT}/Pods/Target Support Files/Pods-Calendar/Pods-Calendar-resources.sh\"\n";
			showEnvVarsInLog = 0;
		};
		E92CF6A15B934FF283C1CB9C /* [CP] Embed Pods Frameworks */ = {
			isa = PBXShellScriptBuildPhase;
			buildActionMask = 2147483647;
			files = (
			);
			inputPaths = (
			);
			name = "[CP] Embed Pods Frameworks";
			outputPaths = (
			);
			runOnlyForDeploymentPostprocessing = 0;
			shellPath = /bin/sh;
			shellScript = "\"${SRCROOT}/Pods/Target Support Files/Pods-Calendar/Pods-Calendar-frameworks.sh\"\n";
			showEnvVarsInLog = 0;
		};
/* End PBXShellScriptBuildPhase section */

/* Begin PBXSourcesBuildPhase section */
		045FB4AE1F3AB45A000C0B73 /* Sources */ = {
			isa = PBXSourcesBuildPhase;
			buildActionMask = 2147483647;
			files = (
				EE79713D20C11417005C4F7A /* RLTool.m in Sources */,
				EE79713C20C113A0005C4F7A /* UIView+Extension.m in Sources */,
				EE79713B20C11396005C4F7A /* NSObject+CurrentViewController.m in Sources */,
				EE79713A20C1138C005C4F7A /* Adapter.m in Sources */,
				EE79713820C11383005C4F7A /* CurrentMonthCell.m in Sources */,
				EE79713920C11383005C4F7A /* CurrentMonthTitleReusableView.m in Sources */,
				EE79713720C11374005C4F7A /* YMonthReusableView.m in Sources */,
				EE79713620C11365005C4F7A /* YMonthCell.m in Sources */,
				EE79713420C1135B005C4F7A /* Calendar.m in Sources */,
				EE79713520C1135B005C4F7A /* CalendarView.m in Sources */,
				EE79713320C11349005C4F7A /* YMonthViewController.m in Sources */,
				045FB4BD1F3AB45A000C0B73 /* ViewController.m in Sources */,
				045FB4BA1F3AB45A000C0B73 /* AppDelegate.m in Sources */,
				045FB4B71F3AB45A000C0B73 /* main.m in Sources */,
			);
			runOnlyForDeploymentPostprocessing = 0;
		};
/* End PBXSourcesBuildPhase section */

/* Begin PBXVariantGroup section */
		045FB4BE1F3AB45A000C0B73 /* Main.storyboard */ = {
			isa = PBXVariantGroup;
			children = (
				045FB4BF1F3AB45A000C0B73 /* Base */,
			);
			name = Main.storyboard;
			sourceTree = "<group>";
		};
		045FB4C31F3AB45A000C0B73 /* LaunchScreen.storyboard */ = {
			isa = PBXVariantGroup;
			children = (
				045FB4C41F3AB45A000C0B73 /* Base */,
			);
			name = LaunchScreen.storyboard;
			sourceTree = "<group>";
		};
/* End PBXVariantGroup section */

/* Begin XCBuildConfiguration section */
		045FB4C71F3AB45A000C0B73 /* Debug */ = {
			isa = XCBuildConfiguration;
			buildSettings = {
				ALWAYS_SEARCH_USER_PATHS = NO;
				CLANG_ANALYZER_NONNULL = YES;
				CLANG_CXX_LANGUAGE_STANDARD = "gnu++0x";
				CLANG_CXX_LIBRARY = "libc++";
				CLANG_ENABLE_MODULES = YES;
				CLANG_ENABLE_OBJC_ARC = YES;
				CLANG_WARN_BOOL_CONVERSION = YES;
				CLANG_WARN_CONSTANT_CONVERSION = YES;
				CLANG_WARN_DIRECT_OBJC_ISA_USAGE = YES_ERROR;
				CLANG_WARN_DOCUMENTATION_COMMENTS = YES;
				CLANG_WARN_EMPTY_BODY = YES;
				CLANG_WARN_ENUM_CONVERSION = YES;
				CLANG_WARN_INFINITE_RECURSION = YES;
				CLANG_WARN_INT_CONVERSION = YES;
				CLANG_WARN_OBJC_ROOT_CLASS = YES_ERROR;
				CLANG_WARN_SUSPICIOUS_MOVE = YES;
				CLANG_WARN_UNREACHABLE_CODE = YES;
				CLANG_WARN__DUPLICATE_METHOD_MATCH = YES;
				"CODE_SIGN_IDENTITY[sdk=iphoneos*]" = "iPhone Developer";
				COPY_PHASE_STRIP = NO;
				DEBUG_INFORMATION_FORMAT = dwarf;
				ENABLE_STRICT_OBJC_MSGSEND = YES;
				ENABLE_TESTABILITY = YES;
				GCC_C_LANGUAGE_STANDARD = gnu99;
				GCC_DYNAMIC_NO_PIC = NO;
				GCC_NO_COMMON_BLOCKS = YES;
				GCC_OPTIMIZATION_LEVEL = 0;
				GCC_PREPROCESSOR_DEFINITIONS = (
					"DEBUG=1",
					"$(inherited)",
				);
				GCC_WARN_64_TO_32_BIT_CONVERSION = YES;
				GCC_WARN_ABOUT_RETURN_TYPE = YES_ERROR;
				GCC_WARN_UNDECLARED_SELECTOR = YES;
				GCC_WARN_UNINITIALIZED_AUTOS = YES_AGGRESSIVE;
				GCC_WARN_UNUSED_FUNCTION = YES;
				GCC_WARN_UNUSED_VARIABLE = YES;
				IPHONEOS_DEPLOYMENT_TARGET = 10.2;
				MTL_ENABLE_DEBUG_INFO = YES;
				ONLY_ACTIVE_ARCH = YES;
				SDKROOT = iphoneos;
			};
			name = Debug;
		};
		045FB4C81F3AB45A000C0B73 /* Release */ = {
			isa = XCBuildConfiguration;
			buildSettings = {
				ALWAYS_SEARCH_USER_PATHS = NO;
				CLANG_ANALYZER_NONNULL = YES;
				CLANG_CXX_LANGUAGE_STANDARD = "gnu++0x";
				CLANG_CXX_LIBRARY = "libc++";
				CLANG_ENABLE_MODULES = YES;
				CLANG_ENABLE_OBJC_ARC = YES;
				CLANG_WARN_BOOL_CONVERSION = YES;
				CLANG_WARN_CONSTANT_CONVERSION = YES;
				CLANG_WARN_DIRECT_OBJC_ISA_USAGE = YES_ERROR;
				CLANG_WARN_DOCUMENTATION_COMMENTS = YES;
				CLANG_WARN_EMPTY_BODY = YES;
				CLANG_WARN_ENUM_CONVERSION = YES;
				CLANG_WARN_INFINITE_RECURSION = YES;
				CLANG_WARN_INT_CONVERSION = YES;
				CLANG_WARN_OBJC_ROOT_CLASS = YES_ERROR;
				CLANG_WARN_SUSPICIOUS_MOVE = YES;
				CLANG_WARN_UNREACHABLE_CODE = YES;
				CLANG_WARN__DUPLICATE_METHOD_MATCH = YES;
				"CODE_SIGN_IDENTITY[sdk=iphoneos*]" = "iPhone Developer";
				COPY_PHASE_STRIP = NO;
				DEBUG_INFORMATION_FORMAT = "dwarf-with-dsym";
				ENABLE_NS_ASSERTIONS = NO;
				ENABLE_STRICT_OBJC_MSGSEND = YES;
				GCC_C_LANGUAGE_STANDARD = gnu99;
				GCC_NO_COMMON_BLOCKS = YES;
				GCC_WARN_64_TO_32_BIT_CONVERSION = YES;
				GCC_WARN_ABOUT_RETURN_TYPE = YES_ERROR;
				GCC_WARN_UNDECLARED_SELECTOR = YES;
				GCC_WARN_UNINITIALIZED_AUTOS = YES_AGGRESSIVE;
				GCC_WARN_UNUSED_FUNCTION = YES;
				GCC_WARN_UNUSED_VARIABLE = YES;
				IPHONEOS_DEPLOYMENT_TARGET = 10.2;
				MTL_ENABLE_DEBUG_INFO = NO;
				SDKROOT = iphoneos;
				VALIDATE_PRODUCT = YES;
			};
			name = Release;
		};
		045FB4CA1F3AB45A000C0B73 /* Debug */ = {
			isa = XCBuildConfiguration;
			baseConfigurationReference = 788EE7A3EBEF4A1BEE9FBFA5 /* Pods-Calendar.debug.xcconfig */;
			buildSettings = {
				ASSETCATALOG_COMPILER_APPICON_NAME = AppIcon;
				DEVELOPMENT_TEAM = EK7U2Y8V27;
				GCC_PREFIX_HEADER = Calendar/PrefixHeader.pch;
				INFOPLIST_FILE = Calendar/Info.plist;
				LD_RUNPATH_SEARCH_PATHS = "$(inherited) @executable_path/Frameworks";
				PRODUCT_BUNDLE_IDENTIFIER = com.ZhiChuangProject2017;
				PRODUCT_NAME = "$(TARGET_NAME)";
			};
			name = Debug;
		};
		045FB4CB1F3AB45A000C0B73 /* Release */ = {
			isa = XCBuildConfiguration;
			baseConfigurationReference = 8F47AA19E3CD8FA0F7B01A04 /* Pods-Calendar.release.xcconfig */;
			buildSettings = {
				ASSETCATALOG_COMPILER_APPICON_NAME = AppIcon;
				DEVELOPMENT_TEAM = EK7U2Y8V27;
				GCC_PREFIX_HEADER = Calendar/PrefixHeader.pch;
				INFOPLIST_FILE = Calendar/Info.plist;
				LD_RUNPATH_SEARCH_PATHS = "$(inherited) @executable_path/Frameworks";
				PRODUCT_BUNDLE_IDENTIFIER = com.ZhiChuangProject2017;
				PRODUCT_NAME = "$(TARGET_NAME)";
			};
			name = Release;
		};
/* End XCBuildConfiguration section */

/* Begin XCConfigurationList section */
		045FB4AD1F3AB45A000C0B73 /* Build configuration list for PBXProject "Calendar" */ = {
			isa = XCConfigurationList;
			buildConfigurations = (
				045FB4C71F3AB45A000C0B73 /* Debug */,
				045FB4C81F3AB45A000C0B73 /* Release */,
			);
			defaultConfigurationIsVisible = 0;
			defaultConfigurationName = Release;
		};
		045FB4C91F3AB45A000C0B73 /* Build configuration list for PBXNativeTarget "Calendar" */ = {
			isa = XCConfigurationList;
			buildConfigurations = (
				045FB4CA1F3AB45A000C0B73 /* Debug */,
				045FB4CB1F3AB45A000C0B73 /* Release */,
			);
			defaultConfigurationIsVisible = 0;
			defaultConfigurationName = Release;
		};
/* End XCConfigurationList section */
	};
	rootObject = 045FB4AA1F3AB45A000C0B73 /* Project object */;
}
